
Microsoft Visual Studio Solution File, Format Version 12.00
# Visual Studio Version 17
VisualStudioVersion = 17.6.33815.320
MinimumVisualStudioVersion = 10.0.40219.1
Project("{9A19103F-16F7-4668-BE54-9A1E7A4F7556}") = "Razor_Blog", "Razor_Blog\Razor_Blog.csproj", "{9427B83A-2929-4B3A-88D2-2EEB17697FF3}"
EndProject
Global
	GlobalSection(SolutionConfigurationPlatforms) = preSolution
		Debug|Any CPU = Debug|Any CPU
		Release|Any CPU = Release|Any CPU
	EndGlobalSection
	GlobalSection(ProjectConfigurationPlatforms) = postSolution
		{9427B83A-2929-4B3A-88D2-2EEB17697FF3}.Debug|Any CPU.ActiveCfg = Debug|Any CPU
		{9427B83A-2929-4B3A-88D2-2EEB17697FF3}.Debug|Any CPU.Build.0 = Debug|Any CPU
		{9427B83A-2929-4B3A-88D2-2EEB17697FF3}.Release|Any CPU.ActiveCfg = Release|Any CPU
		{9427B83A-2929-4B3A-88D2-2EEB17697FF3}.Release|Any CPU.Build.0 = Release|Any CPU
	EndGlobalSection
	GlobalSection(SolutionProperties) = preSolution
		HideSolutionNode = FALSE
	EndGlobalSection
	GlobalSection(ExtensibilityGlobals) = postSolution
		SolutionGuid = {1F35C892-42A5-44F7-A1DC-5CEC0C682555}
	EndGlobalSection
EndGlobal
